// !$*UTF8*$!
{
	archiveVersion = 1;
	classes = {
	};
	objectVersion = 55;
	objects = {

/* Begin PBXBuildFile section */
		E31050062875E15600673CBD /* ProfileRouter.swift in Sources */ = {isa = PBXBuildFile; fileRef = E31050052875E15600673CBD /* ProfileRouter.swift */; };
		E31050082875E16300673CBD /* ProfileInteractor.swift in Sources */ = {isa = PBXBuildFile; fileRef = E31050072875E16300673CBD /* ProfileInteractor.swift */; };
		E310500A2875E16E00673CBD /* ProfilePresenter.swift in Sources */ = {isa = PBXBuildFile; fileRef = E31050092875E16E00673CBD /* ProfilePresenter.swift */; };
		E310500C2875E18100673CBD /* ProfileViewController.swift in Sources */ = {isa = PBXBuildFile; fileRef = E310500B2875E18100673CBD /* ProfileViewController.swift */; };
		E31050112875ED9000673CBD /* UserProfileView.swift in Sources */ = {isa = PBXBuildFile; fileRef = E31050102875ED9000673CBD /* UserProfileView.swift */; };
		E3137E772850FAFE005FC3F9 /* AppDelegate.swift in Sources */ = {isa = PBXBuildFile; fileRef = E3137E762850FAFE005FC3F9 /* AppDelegate.swift */; };
		E3137E792850FAFE005FC3F9 /* SceneDelegate.swift in Sources */ = {isa = PBXBuildFile; fileRef = E3137E782850FAFE005FC3F9 /* SceneDelegate.swift */; };
		E3137E802850FB00005FC3F9 /* Assets.xcassets in Resources */ = {isa = PBXBuildFile; fileRef = E3137E7F2850FB00005FC3F9 /* Assets.xcassets */; };
		E3137E832850FB00005FC3F9 /* LaunchScreen.storyboard in Resources */ = {isa = PBXBuildFile; fileRef = E3137E812850FB00005FC3F9 /* LaunchScreen.storyboard */; };
		E31EFE1B2871ED3B0026A36C /* UserTableViewCell.swift in Sources */ = {isa = PBXBuildFile; fileRef = E31EFE1A2871ED3B0026A36C /* UserTableViewCell.swift */; };
		E31FBE632863401900D41304 /* TabBarController.swift in Sources */ = {isa = PBXBuildFile; fileRef = E31FBE622863401900D41304 /* TabBarController.swift */; };
		E31FBE662863420800D41304 /* MainCoordinator.swift in Sources */ = {isa = PBXBuildFile; fileRef = E31FBE652863420800D41304 /* MainCoordinator.swift */; };
		E31FBE6A286346B200D41304 /* Localizable.strings in Resources */ = {isa = PBXBuildFile; fileRef = E31FBE6C286346B200D41304 /* Localizable.strings */; };
		E31FBE7028634A8D00D41304 /* ProfileCoordnator.swift in Sources */ = {isa = PBXBuildFile; fileRef = E31FBE6F28634A8D00D41304 /* ProfileCoordnator.swift */; };
		E31FBE7228634C8C00D41304 /* SavedCoordinator.swift in Sources */ = {isa = PBXBuildFile; fileRef = E31FBE7128634C8C00D41304 /* SavedCoordinator.swift */; };
		E31FBE7528634FA700D41304 /* KeychainAccess in Frameworks */ = {isa = PBXBuildFile; productRef = E31FBE7428634FA700D41304 /* KeychainAccess */; };
		E31FBE7828634FD500D41304 /* SnapKit in Frameworks */ = {isa = PBXBuildFile; productRef = E31FBE7728634FD500D41304 /* SnapKit */; };
		E31FBE7A2863649100D41304 /* RegistrationCoordinator.swift in Sources */ = {isa = PBXBuildFile; fileRef = E31FBE792863649100D41304 /* RegistrationCoordinator.swift */; };
		E321DA022871A5BF00F524B4 /* CommentTableVIewCell.swift in Sources */ = {isa = PBXBuildFile; fileRef = E321DA012871A5BF00F524B4 /* CommentTableVIewCell.swift */; };
		E344EE22286865C0007ABF86 /* HTTPMethods.swift in Sources */ = {isa = PBXBuildFile; fileRef = E344EE21286865C0007ABF86 /* HTTPMethods.swift */; };
		E344EE2428686659007ABF86 /* HTTPHeaders.swift in Sources */ = {isa = PBXBuildFile; fileRef = E344EE2328686659007ABF86 /* HTTPHeaders.swift */; };
		E344EE262868727E007ABF86 /* SignInErrors.swift in Sources */ = {isa = PBXBuildFile; fileRef = E344EE252868727E007ABF86 /* SignInErrors.swift */; };
		E344EE2828687634007ABF86 /* LogInErrors.swift in Sources */ = {isa = PBXBuildFile; fileRef = E344EE2728687634007ABF86 /* LogInErrors.swift */; };
		E3556DF52873335C00955765 /* SavedRouter.swift in Sources */ = {isa = PBXBuildFile; fileRef = E3556DF42873335C00955765 /* SavedRouter.swift */; };
		E3556DF72873336A00955765 /* SavedInteractor.swift in Sources */ = {isa = PBXBuildFile; fileRef = E3556DF62873336A00955765 /* SavedInteractor.swift */; };
		E3556DF92873337300955765 /* SavedPresenter.swift in Sources */ = {isa = PBXBuildFile; fileRef = E3556DF82873337300955765 /* SavedPresenter.swift */; };
		E3556DFB2873339B00955765 /* SavedViewController.swift in Sources */ = {isa = PBXBuildFile; fileRef = E3556DFA2873339B00955765 /* SavedViewController.swift */; };
		E35A767B287CAA9F002B4D77 /* CreatePostRouter.swift in Sources */ = {isa = PBXBuildFile; fileRef = E35A767A287CAA9F002B4D77 /* CreatePostRouter.swift */; };
		E35A767D287CAAAF002B4D77 /* CreatePostInteractor.swift in Sources */ = {isa = PBXBuildFile; fileRef = E35A767C287CAAAF002B4D77 /* CreatePostInteractor.swift */; };
		E35A767F287CAAC0002B4D77 /* CreatePostPresenter.swift in Sources */ = {isa = PBXBuildFile; fileRef = E35A767E287CAAC0002B4D77 /* CreatePostPresenter.swift */; };
		E35A7681287CAAD9002B4D77 /* CreatePostViewController.swift in Sources */ = {isa = PBXBuildFile; fileRef = E35A7680287CAAD9002B4D77 /* CreatePostViewController.swift */; };
		E39D4F022870A54D00E00F8B /* PostTableViewCell.swift in Sources */ = {isa = PBXBuildFile; fileRef = E39D4F012870A54D00E00F8B /* PostTableViewCell.swift */; };
		E3A1B223286ADA4500D666CE /* OnboardingRouter.swift in Sources */ = {isa = PBXBuildFile; fileRef = E3A1B222286ADA4500D666CE /* OnboardingRouter.swift */; };
		E3A1B225286ADA5D00D666CE /* OnboardingInteractor.swift in Sources */ = {isa = PBXBuildFile; fileRef = E3A1B224286ADA5D00D666CE /* OnboardingInteractor.swift */; };
		E3A1B227286ADA6D00D666CE /* OnboardingPresenter.swift in Sources */ = {isa = PBXBuildFile; fileRef = E3A1B226286ADA6D00D666CE /* OnboardingPresenter.swift */; };
		E3A1B229286ADA7900D666CE /* OnboardingViewController.swift in Sources */ = {isa = PBXBuildFile; fileRef = E3A1B228286ADA7900D666CE /* OnboardingViewController.swift */; };
		E3A1B22E286ADF6400D666CE /* KeychainManager.swift in Sources */ = {isa = PBXBuildFile; fileRef = E3A1B22D286ADF6400D666CE /* KeychainManager.swift */; };
		E3A90D47286A2D520053F1CD /* RegistrationMode.swift in Sources */ = {isa = PBXBuildFile; fileRef = E3A90D46286A2D520053F1CD /* RegistrationMode.swift */; };
		E3A90D4A286A31CF0053F1CD /* CustomUIViewController.swift in Sources */ = {isa = PBXBuildFile; fileRef = E3A90D49286A31CF0053F1CD /* CustomUIViewController.swift */; };
		E3A90D4C286A3A7F0053F1CD /* CustomColor.swift in Sources */ = {isa = PBXBuildFile; fileRef = E3A90D4B286A3A7F0053F1CD /* CustomColor.swift */; };
		E3A90D4E286A4B0B0053F1CD /* CustomScrollView.swift in Sources */ = {isa = PBXBuildFile; fileRef = E3A90D4D286A4B0B0053F1CD /* CustomScrollView.swift */; };
		E3B169FF286F101700792BF9 /* EditRouter.swift in Sources */ = {isa = PBXBuildFile; fileRef = E3B169FE286F101700792BF9 /* EditRouter.swift */; };
		E3B16A01286F102700792BF9 /* EditInteractor.swift in Sources */ = {isa = PBXBuildFile; fileRef = E3B16A00286F102700792BF9 /* EditInteractor.swift */; };
		E3B16A03286F103B00792BF9 /* EditPresenter.swift in Sources */ = {isa = PBXBuildFile; fileRef = E3B16A02286F103B00792BF9 /* EditPresenter.swift */; };
		E3B16A05286F104A00792BF9 /* EditViewController.swift in Sources */ = {isa = PBXBuildFile; fileRef = E3B16A04286F104A00792BF9 /* EditViewController.swift */; };
		E3B2B208287446B400F08800 /* FeedRouter.swift in Sources */ = {isa = PBXBuildFile; fileRef = E3B2B207287446B400F08800 /* FeedRouter.swift */; };
		E3B2B20A287446CC00F08800 /* FeedInteractor.swift in Sources */ = {isa = PBXBuildFile; fileRef = E3B2B209287446CC00F08800 /* FeedInteractor.swift */; };
		E3B2B20C2874472100F08800 /* FeedPresenter.swift in Sources */ = {isa = PBXBuildFile; fileRef = E3B2B20B2874472100F08800 /* FeedPresenter.swift */; };
		E3B2B20E2874472F00F08800 /* FeedViewController.swift in Sources */ = {isa = PBXBuildFile; fileRef = E3B2B20D2874472F00F08800 /* FeedViewController.swift */; };
		E3B2B21128757AC200F08800 /* Localizable.stringsdict in Resources */ = {isa = PBXBuildFile; fileRef = E3B2B21328757AC200F08800 /* Localizable.stringsdict */; };
		E3B378CA28730788007D09F5 /* CoreDataManager.swift in Sources */ = {isa = PBXBuildFile; fileRef = E3B378C928730788007D09F5 /* CoreDataManager.swift */; };
		E3C404722869E5C60004C5AE /* RegistrationManager.swift in Sources */ = {isa = PBXBuildFile; fileRef = E3C404712869E5C60004C5AE /* RegistrationManager.swift */; };
		E3D122A6287B33E300F51DD9 /* CoreDataPostModel.xcdatamodeld in Sources */ = {isa = PBXBuildFile; fileRef = E3D122A4287B33E300F51DD9 /* CoreDataPostModel.xcdatamodeld */; };
		E3D122A9287B34A400F51DD9 /* UserModel.xcdatamodeld in Sources */ = {isa = PBXBuildFile; fileRef = E3D122A7287B34A400F51DD9 /* UserModel.xcdatamodeld */; };
		E3D122AE287B350400F51DD9 /* PostEntity+CoreDataClass.swift in Sources */ = {isa = PBXBuildFile; fileRef = E3D122AC287B350400F51DD9 /* PostEntity+CoreDataClass.swift */; };
		E3D122AF287B350400F51DD9 /* PostEntity+CoreDataProperties.swift in Sources */ = {isa = PBXBuildFile; fileRef = E3D122AD287B350400F51DD9 /* PostEntity+CoreDataProperties.swift */; };
		E3D122B2287B351700F51DD9 /* UserEntity+CoreDataClass.swift in Sources */ = {isa = PBXBuildFile; fileRef = E3D122B0287B351700F51DD9 /* UserEntity+CoreDataClass.swift */; };
		E3D122B3287B351700F51DD9 /* UserEntity+CoreDataProperties.swift in Sources */ = {isa = PBXBuildFile; fileRef = E3D122B1287B351700F51DD9 /* UserEntity+CoreDataProperties.swift */; };
		E3D122B6287B542500F51DD9 /* PhotoCollectionViewCell.swift in Sources */ = {isa = PBXBuildFile; fileRef = E3D122B5287B542500F51DD9 /* PhotoCollectionViewCell.swift */; };
		E3DEE6A4286A19610003D543 /* RegistrationRouter.swift in Sources */ = {isa = PBXBuildFile; fileRef = E3DEE6A3286A19610003D543 /* RegistrationRouter.swift */; };
		E3DEE6A6286A19B90003D543 /* RegistrationInteractor.swift in Sources */ = {isa = PBXBuildFile; fileRef = E3DEE6A5286A19B90003D543 /* RegistrationInteractor.swift */; };
		E3DEE6A8286A19CC0003D543 /* RegistrationPresenter.swift in Sources */ = {isa = PBXBuildFile; fileRef = E3DEE6A7286A19CC0003D543 /* RegistrationPresenter.swift */; };
		E3DEE6AA286A19EF0003D543 /* RegistrationViewController.swift in Sources */ = {isa = PBXBuildFile; fileRef = E3DEE6A9286A19EF0003D543 /* RegistrationViewController.swift */; };
		E3F50B8B286756A0008A842D /* User.swift in Sources */ = {isa = PBXBuildFile; fileRef = E3F50B8A286756A0008A842D /* User.swift */; };
		E3F50B8D28675769008A842D /* Post.swift in Sources */ = {isa = PBXBuildFile; fileRef = E3F50B8C28675769008A842D /* Post.swift */; };
		E3F50B90286757A8008A842D /* Comment.swift in Sources */ = {isa = PBXBuildFile; fileRef = E3F50B8F286757A8008A842D /* Comment.swift */; };
		E3F50B9228675845008A842D /* UserToken.swift in Sources */ = {isa = PBXBuildFile; fileRef = E3F50B9128675845008A842D /* UserToken.swift */; };
		E3F50B9528675931008A842D /* BaseURL.swift in Sources */ = {isa = PBXBuildFile; fileRef = E3F50B9428675931008A842D /* BaseURL.swift */; };
		E3F50B97286759B0008A842D /* URLPaths.swift in Sources */ = {isa = PBXBuildFile; fileRef = E3F50B96286759B0008A842D /* URLPaths.swift */; };
		E3F50B9928675A9D008A842D /* URLConstructor.swift in Sources */ = {isa = PBXBuildFile; fileRef = E3F50B9828675A9D008A842D /* URLConstructor.swift */; };
		E3F50B9B28675C99008A842D /* RequestErrors.swift in Sources */ = {isa = PBXBuildFile; fileRef = E3F50B9A28675C98008A842D /* RequestErrors.swift */; };
		E3F50BA128677556008A842D /* DataManager.swift in Sources */ = {isa = PBXBuildFile; fileRef = E3F50BA028677556008A842D /* DataManager.swift */; };
/* End PBXBuildFile section */

/* Begin PBXFileReference section */
		E31050052875E15600673CBD /* ProfileRouter.swift */ = {isa = PBXFileReference; lastKnownFileType = sourcecode.swift; path = ProfileRouter.swift; sourceTree = "<group>"; };
		E31050072875E16300673CBD /* ProfileInteractor.swift */ = {isa = PBXFileReference; lastKnownFileType = sourcecode.swift; path = ProfileInteractor.swift; sourceTree = "<group>"; };
		E31050092875E16E00673CBD /* ProfilePresenter.swift */ = {isa = PBXFileReference; lastKnownFileType = sourcecode.swift; path = ProfilePresenter.swift; sourceTree = "<group>"; };
		E310500B2875E18100673CBD /* ProfileViewController.swift */ = {isa = PBXFileReference; lastKnownFileType = sourcecode.swift; path = ProfileViewController.swift; sourceTree = "<group>"; };
		E31050102875ED9000673CBD /* UserProfileView.swift */ = {isa = PBXFileReference; lastKnownFileType = sourcecode.swift; path = UserProfileView.swift; sourceTree = "<group>"; };
		E3137E732850FAFE005FC3F9 /* VKApp.app */ = {isa = PBXFileReference; explicitFileType = wrapper.application; includeInIndex = 0; path = VKApp.app; sourceTree = BUILT_PRODUCTS_DIR; };
		E3137E762850FAFE005FC3F9 /* AppDelegate.swift */ = {isa = PBXFileReference; lastKnownFileType = sourcecode.swift; path = AppDelegate.swift; sourceTree = "<group>"; };
		E3137E782850FAFE005FC3F9 /* SceneDelegate.swift */ = {isa = PBXFileReference; lastKnownFileType = sourcecode.swift; path = SceneDelegate.swift; sourceTree = "<group>"; };
		E3137E7F2850FB00005FC3F9 /* Assets.xcassets */ = {isa = PBXFileReference; lastKnownFileType = folder.assetcatalog; path = Assets.xcassets; sourceTree = "<group>"; };
		E3137E822850FB00005FC3F9 /* Base */ = {isa = PBXFileReference; lastKnownFileType = file.storyboard; name = Base; path = Base.lproj/LaunchScreen.storyboard; sourceTree = "<group>"; };
		E3137E842850FB00005FC3F9 /* Info.plist */ = {isa = PBXFileReference; lastKnownFileType = text.plist.xml; path = Info.plist; sourceTree = "<group>"; };
		E31EFE1A2871ED3B0026A36C /* UserTableViewCell.swift */ = {isa = PBXFileReference; lastKnownFileType = sourcecode.swift; path = UserTableViewCell.swift; sourceTree = "<group>"; };
		E31FBE622863401900D41304 /* TabBarController.swift */ = {isa = PBXFileReference; lastKnownFileType = sourcecode.swift; path = TabBarController.swift; sourceTree = "<group>"; };
		E31FBE652863420800D41304 /* MainCoordinator.swift */ = {isa = PBXFileReference; lastKnownFileType = sourcecode.swift; path = MainCoordinator.swift; sourceTree = "<group>"; };
		E31FBE6B286346B200D41304 /* en */ = {isa = PBXFileReference; lastKnownFileType = text.plist.strings; name = en; path = en.lproj/Localizable.strings; sourceTree = "<group>"; };
		E31FBE6E2863470D00D41304 /* ru */ = {isa = PBXFileReference; lastKnownFileType = text.plist.strings; name = ru; path = ru.lproj/Localizable.strings; sourceTree = "<group>"; };
		E31FBE6F28634A8D00D41304 /* ProfileCoordnator.swift */ = {isa = PBXFileReference; lastKnownFileType = sourcecode.swift; path = ProfileCoordnator.swift; sourceTree = "<group>"; };
		E31FBE7128634C8C00D41304 /* SavedCoordinator.swift */ = {isa = PBXFileReference; lastKnownFileType = sourcecode.swift; path = SavedCoordinator.swift; sourceTree = "<group>"; };
		E31FBE792863649100D41304 /* RegistrationCoordinator.swift */ = {isa = PBXFileReference; lastKnownFileType = sourcecode.swift; path = RegistrationCoordinator.swift; sourceTree = "<group>"; };
		E321DA012871A5BF00F524B4 /* CommentTableVIewCell.swift */ = {isa = PBXFileReference; lastKnownFileType = sourcecode.swift; path = CommentTableVIewCell.swift; sourceTree = "<group>"; };
		E344EE21286865C0007ABF86 /* HTTPMethods.swift */ = {isa = PBXFileReference; lastKnownFileType = sourcecode.swift; path = HTTPMethods.swift; sourceTree = "<group>"; };
		E344EE2328686659007ABF86 /* HTTPHeaders.swift */ = {isa = PBXFileReference; lastKnownFileType = sourcecode.swift; path = HTTPHeaders.swift; sourceTree = "<group>"; };
		E344EE252868727E007ABF86 /* SignInErrors.swift */ = {isa = PBXFileReference; lastKnownFileType = sourcecode.swift; path = SignInErrors.swift; sourceTree = "<group>"; };
		E344EE2728687634007ABF86 /* LogInErrors.swift */ = {isa = PBXFileReference; lastKnownFileType = sourcecode.swift; path = LogInErrors.swift; sourceTree = "<group>"; };
		E3556DF42873335C00955765 /* SavedRouter.swift */ = {isa = PBXFileReference; lastKnownFileType = sourcecode.swift; path = SavedRouter.swift; sourceTree = "<group>"; };
		E3556DF62873336A00955765 /* SavedInteractor.swift */ = {isa = PBXFileReference; lastKnownFileType = sourcecode.swift; path = SavedInteractor.swift; sourceTree = "<group>"; };
		E3556DF82873337300955765 /* SavedPresenter.swift */ = {isa = PBXFileReference; lastKnownFileType = sourcecode.swift; path = SavedPresenter.swift; sourceTree = "<group>"; };
		E3556DFA2873339B00955765 /* SavedViewController.swift */ = {isa = PBXFileReference; lastKnownFileType = sourcecode.swift; path = SavedViewController.swift; sourceTree = "<group>"; };
		E35A767A287CAA9F002B4D77 /* CreatePostRouter.swift */ = {isa = PBXFileReference; lastKnownFileType = sourcecode.swift; path = CreatePostRouter.swift; sourceTree = "<group>"; };
		E35A767C287CAAAF002B4D77 /* CreatePostInteractor.swift */ = {isa = PBXFileReference; lastKnownFileType = sourcecode.swift; path = CreatePostInteractor.swift; sourceTree = "<group>"; };
		E35A767E287CAAC0002B4D77 /* CreatePostPresenter.swift */ = {isa = PBXFileReference; lastKnownFileType = sourcecode.swift; path = CreatePostPresenter.swift; sourceTree = "<group>"; };
		E35A7680287CAAD9002B4D77 /* CreatePostViewController.swift */ = {isa = PBXFileReference; lastKnownFileType = sourcecode.swift; path = CreatePostViewController.swift; sourceTree = "<group>"; };
		E39D4F012870A54D00E00F8B /* PostTableViewCell.swift */ = {isa = PBXFileReference; lastKnownFileType = sourcecode.swift; path = PostTableViewCell.swift; sourceTree = "<group>"; };
		E3A1B222286ADA4500D666CE /* OnboardingRouter.swift */ = {isa = PBXFileReference; lastKnownFileType = sourcecode.swift; path = OnboardingRouter.swift; sourceTree = "<group>"; };
		E3A1B224286ADA5D00D666CE /* OnboardingInteractor.swift */ = {isa = PBXFileReference; lastKnownFileType = sourcecode.swift; path = OnboardingInteractor.swift; sourceTree = "<group>"; };
		E3A1B226286ADA6D00D666CE /* OnboardingPresenter.swift */ = {isa = PBXFileReference; lastKnownFileType = sourcecode.swift; path = OnboardingPresenter.swift; sourceTree = "<group>"; };
		E3A1B228286ADA7900D666CE /* OnboardingViewController.swift */ = {isa = PBXFileReference; lastKnownFileType = sourcecode.swift; path = OnboardingViewController.swift; sourceTree = "<group>"; };
		E3A1B22D286ADF6400D666CE /* KeychainManager.swift */ = {isa = PBXFileReference; lastKnownFileType = sourcecode.swift; path = KeychainManager.swift; sourceTree = "<group>"; };
		E3A90D46286A2D520053F1CD /* RegistrationMode.swift */ = {isa = PBXFileReference; lastKnownFileType = sourcecode.swift; path = RegistrationMode.swift; sourceTree = "<group>"; };
		E3A90D49286A31CF0053F1CD /* CustomUIViewController.swift */ = {isa = PBXFileReference; lastKnownFileType = sourcecode.swift; path = CustomUIViewController.swift; sourceTree = "<group>"; };
		E3A90D4B286A3A7F0053F1CD /* CustomColor.swift */ = {isa = PBXFileReference; lastKnownFileType = sourcecode.swift; path = CustomColor.swift; sourceTree = "<group>"; };
		E3A90D4D286A4B0B0053F1CD /* CustomScrollView.swift */ = {isa = PBXFileReference; lastKnownFileType = sourcecode.swift; path = CustomScrollView.swift; sourceTree = "<group>"; };
		E3B169FE286F101700792BF9 /* EditRouter.swift */ = {isa = PBXFileReference; lastKnownFileType = sourcecode.swift; path = EditRouter.swift; sourceTree = "<group>"; };
		E3B16A00286F102700792BF9 /* EditInteractor.swift */ = {isa = PBXFileReference; lastKnownFileType = sourcecode.swift; path = EditInteractor.swift; sourceTree = "<group>"; };
		E3B16A02286F103B00792BF9 /* EditPresenter.swift */ = {isa = PBXFileReference; lastKnownFileType = sourcecode.swift; path = EditPresenter.swift; sourceTree = "<group>"; };
		E3B16A04286F104A00792BF9 /* EditViewController.swift */ = {isa = PBXFileReference; lastKnownFileType = sourcecode.swift; path = EditViewController.swift; sourceTree = "<group>"; };
		E3B2B207287446B400F08800 /* FeedRouter.swift */ = {isa = PBXFileReference; lastKnownFileType = sourcecode.swift; path = FeedRouter.swift; sourceTree = "<group>"; };
		E3B2B209287446CC00F08800 /* FeedInteractor.swift */ = {isa = PBXFileReference; lastKnownFileType = sourcecode.swift; path = FeedInteractor.swift; sourceTree = "<group>"; };
		E3B2B20B2874472100F08800 /* FeedPresenter.swift */ = {isa = PBXFileReference; lastKnownFileType = sourcecode.swift; path = FeedPresenter.swift; sourceTree = "<group>"; };
		E3B2B20D2874472F00F08800 /* FeedViewController.swift */ = {isa = PBXFileReference; lastKnownFileType = sourcecode.swift; path = FeedViewController.swift; sourceTree = "<group>"; };
		E3B2B21228757AC200F08800 /* en */ = {isa = PBXFileReference; lastKnownFileType = text.plist.stringsdict; name = en; path = en.lproj/Localizable.stringsdict; sourceTree = "<group>"; };
		E3B2B21428757AC400F08800 /* ru */ = {isa = PBXFileReference; lastKnownFileType = text.plist.stringsdict; name = ru; path = ru.lproj/Localizable.stringsdict; sourceTree = "<group>"; };
		E3B378C928730788007D09F5 /* CoreDataManager.swift */ = {isa = PBXFileReference; lastKnownFileType = sourcecode.swift; path = CoreDataManager.swift; sourceTree = "<group>"; };
		E3C404712869E5C60004C5AE /* RegistrationManager.swift */ = {isa = PBXFileReference; lastKnownFileType = sourcecode.swift; path = RegistrationManager.swift; sourceTree = "<group>"; };
		E3D122A5287B33E300F51DD9 /* PostModel.xcdatamodel */ = {isa = PBXFileReference; lastKnownFileType = wrapper.xcdatamodel; path = PostModel.xcdatamodel; sourceTree = "<group>"; };
		E3D122A8287B34A400F51DD9 /* UserModel.xcdatamodel */ = {isa = PBXFileReference; lastKnownFileType = wrapper.xcdatamodel; path = UserModel.xcdatamodel; sourceTree = "<group>"; };
		E3D122AC287B350400F51DD9 /* PostEntity+CoreDataClass.swift */ = {isa = PBXFileReference; lastKnownFileType = sourcecode.swift; path = "PostEntity+CoreDataClass.swift"; sourceTree = "<group>"; };
		E3D122AD287B350400F51DD9 /* PostEntity+CoreDataProperties.swift */ = {isa = PBXFileReference; lastKnownFileType = sourcecode.swift; path = "PostEntity+CoreDataProperties.swift"; sourceTree = "<group>"; };
		E3D122B0287B351700F51DD9 /* UserEntity+CoreDataClass.swift */ = {isa = PBXFileReference; lastKnownFileType = sourcecode.swift; path = "UserEntity+CoreDataClass.swift"; sourceTree = "<group>"; };
		E3D122B1287B351700F51DD9 /* UserEntity+CoreDataProperties.swift */ = {isa = PBXFileReference; lastKnownFileType = sourcecode.swift; path = "UserEntity+CoreDataProperties.swift"; sourceTree = "<group>"; };
		E3D122B5287B542500F51DD9 /* PhotoCollectionViewCell.swift */ = {isa = PBXFileReference; lastKnownFileType = sourcecode.swift; path = PhotoCollectionViewCell.swift; sourceTree = "<group>"; };
		E3DEE6A3286A19610003D543 /* RegistrationRouter.swift */ = {isa = PBXFileReference; lastKnownFileType = sourcecode.swift; path = RegistrationRouter.swift; sourceTree = "<group>"; };
		E3DEE6A5286A19B90003D543 /* RegistrationInteractor.swift */ = {isa = PBXFileReference; lastKnownFileType = sourcecode.swift; path = RegistrationInteractor.swift; sourceTree = "<group>"; };
		E3DEE6A7286A19CC0003D543 /* RegistrationPresenter.swift */ = {isa = PBXFileReference; lastKnownFileType = sourcecode.swift; path = RegistrationPresenter.swift; sourceTree = "<group>"; };
		E3DEE6A9286A19EF0003D543 /* RegistrationViewController.swift */ = {isa = PBXFileReference; lastKnownFileType = sourcecode.swift; path = RegistrationViewController.swift; sourceTree = "<group>"; };
		E3F50B8A286756A0008A842D /* User.swift */ = {isa = PBXFileReference; lastKnownFileType = sourcecode.swift; path = User.swift; sourceTree = "<group>"; };
		E3F50B8C28675769008A842D /* Post.swift */ = {isa = PBXFileReference; lastKnownFileType = sourcecode.swift; path = Post.swift; sourceTree = "<group>"; };
		E3F50B8F286757A8008A842D /* Comment.swift */ = {isa = PBXFileReference; lastKnownFileType = sourcecode.swift; path = Comment.swift; sourceTree = "<group>"; };
		E3F50B9128675845008A842D /* UserToken.swift */ = {isa = PBXFileReference; lastKnownFileType = sourcecode.swift; path = UserToken.swift; sourceTree = "<group>"; };
		E3F50B9428675931008A842D /* BaseURL.swift */ = {isa = PBXFileReference; lastKnownFileType = sourcecode.swift; path = BaseURL.swift; sourceTree = "<group>"; };
		E3F50B96286759B0008A842D /* URLPaths.swift */ = {isa = PBXFileReference; lastKnownFileType = sourcecode.swift; path = URLPaths.swift; sourceTree = "<group>"; };
		E3F50B9828675A9D008A842D /* URLConstructor.swift */ = {isa = PBXFileReference; lastKnownFileType = sourcecode.swift; path = URLConstructor.swift; sourceTree = "<group>"; };
		E3F50B9A28675C98008A842D /* RequestErrors.swift */ = {isa = PBXFileReference; lastKnownFileType = sourcecode.swift; path = RequestErrors.swift; sourceTree = "<group>"; };
		E3F50BA028677556008A842D /* DataManager.swift */ = {isa = PBXFileReference; lastKnownFileType = sourcecode.swift; path = DataManager.swift; sourceTree = "<group>"; };
/* End PBXFileReference section */

/* Begin PBXFrameworksBuildPhase section */
		E3137E702850FAFE005FC3F9 /* Frameworks */ = {
			isa = PBXFrameworksBuildPhase;
			buildActionMask = 2147483647;
			files = (
				E31FBE7528634FA700D41304 /* KeychainAccess in Frameworks */,
				E31FBE7828634FD500D41304 /* SnapKit in Frameworks */,
			);
			runOnlyForDeploymentPostprocessing = 0;
		};
/* End PBXFrameworksBuildPhase section */

/* Begin PBXGroup section */
		E31050042875E13A00673CBD /* ProfileModule */ = {
			isa = PBXGroup;
			children = (
				E31050052875E15600673CBD /* ProfileRouter.swift */,
				E31050072875E16300673CBD /* ProfileInteractor.swift */,
				E31050092875E16E00673CBD /* ProfilePresenter.swift */,
				E310500B2875E18100673CBD /* ProfileViewController.swift */,
			);
			path = ProfileModule;
			sourceTree = "<group>";
		};
		E310500F2875ED0000673CBD /* UserProfileView */ = {
			isa = PBXGroup;
			children = (
				E31050102875ED9000673CBD /* UserProfileView.swift */,
			);
			path = UserProfileView;
			sourceTree = "<group>";
		};
		E3137E6A2850FAFE005FC3F9 = {
			isa = PBXGroup;
			children = (
				E3137E752850FAFE005FC3F9 /* VKApp */,
				E3137E8B2850FB44005FC3F9 /* Sources */,
				E3137E742850FAFE005FC3F9 /* Products */,
			);
			sourceTree = "<group>";
		};
		E3137E742850FAFE005FC3F9 /* Products */ = {
			isa = PBXGroup;
			children = (
				E3137E732850FAFE005FC3F9 /* VKApp.app */,
			);
			name = Products;
			sourceTree = "<group>";
		};
		E3137E752850FAFE005FC3F9 /* VKApp */ = {
			isa = PBXGroup;
			children = (
				E31FBE672863465900D41304 /* Localization */,
				E35A7679287CAA7A002B4D77 /* CreatePostModule */,
				E3D122B4287B524700F51DD9 /* UserCollectionViewCell */,
				E310500F2875ED0000673CBD /* UserProfileView */,
				E31050042875E13A00673CBD /* ProfileModule */,
				E3B2B2062874468E00F08800 /* FeedModule */,
				E3B378C328730545007D09F5 /* CoreData */,
				E39D4EFA2870A4E600E00F8B /* PostTableViewCell */,
				E31EFE182871ECE30026A36C /* UserTableViewCell */,
				E321DA002871A59500F524B4 /* CommentTableVIewCell */,
				E3556DF32873332000955765 /* SavedModule */,
				E3B169FB286F0F7D00792BF9 /* EditModule */,
				E3A90D48286A31A40053F1CD /* CustomUIElements */,
				E3DEE6A2286A192C0003D543 /* RegistrationModule */,
				E3A1B221286AD9E800D666CE /* OnboardingModule */,
				E3C4046F2869E5590004C5AE /* RegistrationManager */,
				E3A1B22C286ADF4B00D666CE /* KeychainManager */,
				E3F50B9F2867753D008A842D /* DataManager */,
				E3F50B93286758F7008A842D /* URLConstructor */,
				E3F50B892867568C008A842D /* DataModels */,
				E31FBE6128633FE100D41304 /* Navigation */,
				E3137E8A2850FB23005FC3F9 /* Supporting Files */,
			);
			path = VKApp;
			sourceTree = "<group>";
		};
		E3137E8A2850FB23005FC3F9 /* Supporting Files */ = {
			isa = PBXGroup;
			children = (
				E3137E762850FAFE005FC3F9 /* AppDelegate.swift */,
				E3137E782850FAFE005FC3F9 /* SceneDelegate.swift */,
				E3137E812850FB00005FC3F9 /* LaunchScreen.storyboard */,
				E3137E842850FB00005FC3F9 /* Info.plist */,
			);
			path = "Supporting Files";
			sourceTree = "<group>";
		};
		E3137E8B2850FB44005FC3F9 /* Sources */ = {
			isa = PBXGroup;
			children = (
				E3137E7F2850FB00005FC3F9 /* Assets.xcassets */,
			);
			path = Sources;
			sourceTree = "<group>";
		};
		E31EFE182871ECE30026A36C /* UserTableViewCell */ = {
			isa = PBXGroup;
			children = (
				E31EFE1A2871ED3B0026A36C /* UserTableViewCell.swift */,
			);
			path = UserTableViewCell;
			sourceTree = "<group>";
		};
		E31FBE6128633FE100D41304 /* Navigation */ = {
			isa = PBXGroup;
			children = (
				E31FBE622863401900D41304 /* TabBarController.swift */,
				E31FBE64286341A700D41304 /* Coordinators */,
			);
			path = Navigation;
			sourceTree = "<group>";
		};
		E31FBE64286341A700D41304 /* Coordinators */ = {
			isa = PBXGroup;
			children = (
				E31FBE652863420800D41304 /* MainCoordinator.swift */,
				E31FBE6F28634A8D00D41304 /* ProfileCoordnator.swift */,
				E31FBE7128634C8C00D41304 /* SavedCoordinator.swift */,
				E31FBE792863649100D41304 /* RegistrationCoordinator.swift */,
			);
			path = Coordinators;
			sourceTree = "<group>";
		};
		E31FBE672863465900D41304 /* Localization */ = {
			isa = PBXGroup;
			children = (
				E31FBE6C286346B200D41304 /* Localizable.strings */,
				E3B2B21328757AC200F08800 /* Localizable.stringsdict */,
			);
			path = Localization;
			sourceTree = "<group>";
		};
		E321DA002871A59500F524B4 /* CommentTableVIewCell */ = {
			isa = PBXGroup;
			children = (
				E321DA012871A5BF00F524B4 /* CommentTableVIewCell.swift */,
			);
			path = CommentTableVIewCell;
			sourceTree = "<group>";
		};
		E3556DF32873332000955765 /* SavedModule */ = {
			isa = PBXGroup;
			children = (
				E3556DF42873335C00955765 /* SavedRouter.swift */,
				E3556DF62873336A00955765 /* SavedInteractor.swift */,
				E3556DF82873337300955765 /* SavedPresenter.swift */,
				E3556DFA2873339B00955765 /* SavedViewController.swift */,
			);
			path = SavedModule;
			sourceTree = "<group>";
		};
		E35A7679287CAA7A002B4D77 /* CreatePostModule */ = {
			isa = PBXGroup;
			children = (
				E35A767A287CAA9F002B4D77 /* CreatePostRouter.swift */,
				E35A767C287CAAAF002B4D77 /* CreatePostInteractor.swift */,
				E35A767E287CAAC0002B4D77 /* CreatePostPresenter.swift */,
				E35A7680287CAAD9002B4D77 /* CreatePostViewController.swift */,
			);
			path = CreatePostModule;
			sourceTree = "<group>";
		};
		E39D4EFA2870A4E600E00F8B /* PostTableViewCell */ = {
			isa = PBXGroup;
			children = (
				E39D4F012870A54D00E00F8B /* PostTableViewCell.swift */,
			);
			path = PostTableViewCell;
			sourceTree = "<group>";
		};
		E3A1B221286AD9E800D666CE /* OnboardingModule */ = {
			isa = PBXGroup;
			children = (
				E3A1B222286ADA4500D666CE /* OnboardingRouter.swift */,
				E3A1B224286ADA5D00D666CE /* OnboardingInteractor.swift */,
				E3A1B226286ADA6D00D666CE /* OnboardingPresenter.swift */,
				E3A1B228286ADA7900D666CE /* OnboardingViewController.swift */,
			);
			path = OnboardingModule;
			sourceTree = "<group>";
		};
		E3A1B22C286ADF4B00D666CE /* KeychainManager */ = {
			isa = PBXGroup;
			children = (
				E3A1B22D286ADF6400D666CE /* KeychainManager.swift */,
			);
			path = KeychainManager;
			sourceTree = "<group>";
		};
		E3A90D48286A31A40053F1CD /* CustomUIElements */ = {
			isa = PBXGroup;
			children = (
				E3A90D49286A31CF0053F1CD /* CustomUIViewController.swift */,
				E3A90D4B286A3A7F0053F1CD /* CustomColor.swift */,
				E3A90D4D286A4B0B0053F1CD /* CustomScrollView.swift */,
			);
			path = CustomUIElements;
			sourceTree = "<group>";
		};
		E3B169FB286F0F7D00792BF9 /* EditModule */ = {
			isa = PBXGroup;
			children = (
				E3B169FE286F101700792BF9 /* EditRouter.swift */,
				E3B16A00286F102700792BF9 /* EditInteractor.swift */,
				E3B16A02286F103B00792BF9 /* EditPresenter.swift */,
				E3B16A04286F104A00792BF9 /* EditViewController.swift */,
			);
			path = EditModule;
			sourceTree = "<group>";
		};
		E3B2B2062874468E00F08800 /* FeedModule */ = {
			isa = PBXGroup;
			children = (
				E3B2B207287446B400F08800 /* FeedRouter.swift */,
				E3B2B209287446CC00F08800 /* FeedInteractor.swift */,
				E3B2B20B2874472100F08800 /* FeedPresenter.swift */,
				E3B2B20D2874472F00F08800 /* FeedViewController.swift */,
			);
			path = FeedModule;
			sourceTree = "<group>";
		};
		E3B378C328730545007D09F5 /* CoreData */ = {
			isa = PBXGroup;
			children = (
				E3D122A3287B33C800F51DD9 /* CoreDataModels */,
				E3B378C828730770007D09F5 /* CoreDataManager */,
			);
			path = CoreData;
			sourceTree = "<group>";
		};
		E3B378C828730770007D09F5 /* CoreDataManager */ = {
			isa = PBXGroup;
			children = (
				E3B378C928730788007D09F5 /* CoreDataManager.swift */,
			);
			path = CoreDataManager;
			sourceTree = "<group>";
		};
		E3C4046F2869E5590004C5AE /* RegistrationManager */ = {
			isa = PBXGroup;
			children = (
				E3C404712869E5C60004C5AE /* RegistrationManager.swift */,
				E3F50B9C28675FCB008A842D /* Errors */,
			);
			path = RegistrationManager;
			sourceTree = "<group>";
		};
		E3C404702869E58E0004C5AE /* Errors */ = {
			isa = PBXGroup;
			children = (
				E3F50B9A28675C98008A842D /* RequestErrors.swift */,
			);
			path = Errors;
			sourceTree = "<group>";
		};
		E3D122A3287B33C800F51DD9 /* CoreDataModels */ = {
			isa = PBXGroup;
			children = (
				E3D122AB287B34EB00F51DD9 /* Post */,
				E3D122AA287B34E100F51DD9 /* User */,
			);
			path = CoreDataModels;
			sourceTree = "<group>";
		};
		E3D122AA287B34E100F51DD9 /* User */ = {
			isa = PBXGroup;
			children = (
				E3D122B0287B351700F51DD9 /* UserEntity+CoreDataClass.swift */,
				E3D122B1287B351700F51DD9 /* UserEntity+CoreDataProperties.swift */,
				E3D122A7287B34A400F51DD9 /* UserModel.xcdatamodeld */,
			);
			path = User;
			sourceTree = "<group>";
		};
		E3D122AB287B34EB00F51DD9 /* Post */ = {
			isa = PBXGroup;
			children = (
				E3D122AC287B350400F51DD9 /* PostEntity+CoreDataClass.swift */,
				E3D122AD287B350400F51DD9 /* PostEntity+CoreDataProperties.swift */,
				E3D122A4287B33E300F51DD9 /* CoreDataPostModel.xcdatamodeld */,
			);
			path = Post;
			sourceTree = "<group>";
		};
		E3D122B4287B524700F51DD9 /* UserCollectionViewCell */ = {
			isa = PBXGroup;
			children = (
				E3D122B5287B542500F51DD9 /* PhotoCollectionViewCell.swift */,
			);
			path = UserCollectionViewCell;
			sourceTree = "<group>";
		};
		E3DEE6A2286A192C0003D543 /* RegistrationModule */ = {
			isa = PBXGroup;
			children = (
				E3A90D46286A2D520053F1CD /* RegistrationMode.swift */,
				E3DEE6A3286A19610003D543 /* RegistrationRouter.swift */,
				E3DEE6A5286A19B90003D543 /* RegistrationInteractor.swift */,
				E3DEE6A7286A19CC0003D543 /* RegistrationPresenter.swift */,
				E3DEE6A9286A19EF0003D543 /* RegistrationViewController.swift */,
			);
			path = RegistrationModule;
			sourceTree = "<group>";
		};
		E3F50B892867568C008A842D /* DataModels */ = {
			isa = PBXGroup;
			children = (
				E3F50B8A286756A0008A842D /* User.swift */,
				E3F50B8C28675769008A842D /* Post.swift */,
				E3F50B8F286757A8008A842D /* Comment.swift */,
				E3F50B9128675845008A842D /* UserToken.swift */,
			);
			path = DataModels;
			sourceTree = "<group>";
		};
		E3F50B93286758F7008A842D /* URLConstructor */ = {
			isa = PBXGroup;
			children = (
				E3F50B9828675A9D008A842D /* URLConstructor.swift */,
				E3F50B9428675931008A842D /* BaseURL.swift */,
				E3F50B96286759B0008A842D /* URLPaths.swift */,
			);
			path = URLConstructor;
			sourceTree = "<group>";
		};
		E3F50B9C28675FCB008A842D /* Errors */ = {
			isa = PBXGroup;
			children = (
				E344EE252868727E007ABF86 /* SignInErrors.swift */,
				E344EE2728687634007ABF86 /* LogInErrors.swift */,
			);
			path = Errors;
			sourceTree = "<group>";
		};
		E3F50B9F2867753D008A842D /* DataManager */ = {
			isa = PBXGroup;
			children = (
				E3F50BA028677556008A842D /* DataManager.swift */,
				E344EE21286865C0007ABF86 /* HTTPMethods.swift */,
				E344EE2328686659007ABF86 /* HTTPHeaders.swift */,
				E3C404702869E58E0004C5AE /* Errors */,
			);
			path = DataManager;
			sourceTree = "<group>";
		};
/* End PBXGroup section */

/* Begin PBXNativeTarget section */
		E3137E722850FAFE005FC3F9 /* VKApp */ = {
			isa = PBXNativeTarget;
			buildConfigurationList = E3137E872850FB00005FC3F9 /* Build configuration list for PBXNativeTarget "VKApp" */;
			buildPhases = (
				E3137E6F2850FAFE005FC3F9 /* Sources */,
				E3137E702850FAFE005FC3F9 /* Frameworks */,
				E3137E712850FAFE005FC3F9 /* Resources */,
			);
			buildRules = (
			);
			dependencies = (
			);
			name = VKApp;
			packageProductDependencies = (
				E31FBE7428634FA700D41304 /* KeychainAccess */,
				E31FBE7728634FD500D41304 /* SnapKit */,
			);
			productName = VKApp;
			productReference = E3137E732850FAFE005FC3F9 /* VKApp.app */;
			productType = "com.apple.product-type.application";
		};
/* End PBXNativeTarget section */

/* Begin PBXProject section */
		E3137E6B2850FAFE005FC3F9 /* Project object */ = {
			isa = PBXProject;
			attributes = {
				BuildIndependentTargetsInParallel = 1;
				LastSwiftUpdateCheck = 1330;
				LastUpgradeCheck = 1330;
				TargetAttributes = {
					E3137E722850FAFE005FC3F9 = {
						CreatedOnToolsVersion = 13.3.1;
					};
				};
			};
			buildConfigurationList = E3137E6E2850FAFE005FC3F9 /* Build configuration list for PBXProject "VKApp" */;
			compatibilityVersion = "Xcode 13.0";
			developmentRegion = en;
			hasScannedForEncodings = 0;
			knownRegions = (
				en,
				Base,
				ru,
			);
			mainGroup = E3137E6A2850FAFE005FC3F9;
			packageReferences = (
				E31FBE7328634FA700D41304 /* XCRemoteSwiftPackageReference "KeychainAccess" */,
				E31FBE7628634FD500D41304 /* XCRemoteSwiftPackageReference "SnapKit" */,
			);
			productRefGroup = E3137E742850FAFE005FC3F9 /* Products */;
			projectDirPath = "";
			projectRoot = "";
			targets = (
				E3137E722850FAFE005FC3F9 /* VKApp */,
			);
		};
/* End PBXProject section */

/* Begin PBXResourcesBuildPhase section */
		E3137E712850FAFE005FC3F9 /* Resources */ = {
			isa = PBXResourcesBuildPhase;
			buildActionMask = 2147483647;
			files = (
				E3137E832850FB00005FC3F9 /* LaunchScreen.storyboard in Resources */,
				E3B2B21128757AC200F08800 /* Localizable.stringsdict in Resources */,
				E31FBE6A286346B200D41304 /* Localizable.strings in Resources */,
				E3137E802850FB00005FC3F9 /* Assets.xcassets in Resources */,
			);
			runOnlyForDeploymentPostprocessing = 0;
		};
/* End PBXResourcesBuildPhase section */

/* Begin PBXSourcesBuildPhase section */
		E3137E6F2850FAFE005FC3F9 /* Sources */ = {
			isa = PBXSourcesBuildPhase;
			buildActionMask = 2147483647;
			files = (
				E3B16A01286F102700792BF9 /* EditInteractor.swift in Sources */,
				E3D122B2287B351700F51DD9 /* UserEntity+CoreDataClass.swift in Sources */,
				E344EE2428686659007ABF86 /* HTTPHeaders.swift in Sources */,
				E3B169FF286F101700792BF9 /* EditRouter.swift in Sources */,
				E3F50B9928675A9D008A842D /* URLConstructor.swift in Sources */,
				E3B2B20C2874472100F08800 /* FeedPresenter.swift in Sources */,
				E3B16A05286F104A00792BF9 /* EditViewController.swift in Sources */,
				E3D122AE287B350400F51DD9 /* PostEntity+CoreDataClass.swift in Sources */,
				E3F50BA128677556008A842D /* DataManager.swift in Sources */,
				E3B2B20E2874472F00F08800 /* FeedViewController.swift in Sources */,
				E35A767D287CAAAF002B4D77 /* CreatePostInteractor.swift in Sources */,
				E31FBE7A2863649100D41304 /* RegistrationCoordinator.swift in Sources */,
				E310500C2875E18100673CBD /* ProfileViewController.swift in Sources */,
				E31FBE632863401900D41304 /* TabBarController.swift in Sources */,
				E310500A2875E16E00673CBD /* ProfilePresenter.swift in Sources */,
				E3B2B208287446B400F08800 /* FeedRouter.swift in Sources */,
				E3A90D47286A2D520053F1CD /* RegistrationMode.swift in Sources */,
				E31EFE1B2871ED3B0026A36C /* UserTableViewCell.swift in Sources */,
				E3D122AF287B350400F51DD9 /* PostEntity+CoreDataProperties.swift in Sources */,
				E3556DF92873337300955765 /* SavedPresenter.swift in Sources */,
				E3A1B225286ADA5D00D666CE /* OnboardingInteractor.swift in Sources */,
				E344EE262868727E007ABF86 /* SignInErrors.swift in Sources */,
				E3A1B22E286ADF6400D666CE /* KeychainManager.swift in Sources */,
				E3F50B9528675931008A842D /* BaseURL.swift in Sources */,
				E3F50B8B286756A0008A842D /* User.swift in Sources */,
				E3DEE6A6286A19B90003D543 /* RegistrationInteractor.swift in Sources */,
				E3DEE6A8286A19CC0003D543 /* RegistrationPresenter.swift in Sources */,
				E31050112875ED9000673CBD /* UserProfileView.swift in Sources */,
				E31FBE7028634A8D00D41304 /* ProfileCoordnator.swift in Sources */,
				E31FBE662863420800D41304 /* MainCoordinator.swift in Sources */,
				E3A90D4E286A4B0B0053F1CD /* CustomScrollView.swift in Sources */,
				E3A1B227286ADA6D00D666CE /* OnboardingPresenter.swift in Sources */,
				E3F50B90286757A8008A842D /* Comment.swift in Sources */,
				E3D122A6287B33E300F51DD9 /* CoreDataPostModel.xcdatamodeld in Sources */,
				E3137E772850FAFE005FC3F9 /* AppDelegate.swift in Sources */,
				E3DEE6AA286A19EF0003D543 /* RegistrationViewController.swift in Sources */,
				E3B16A03286F103B00792BF9 /* EditPresenter.swift in Sources */,
				E31050082875E16300673CBD /* ProfileInteractor.swift in Sources */,
				E3556DFB2873339B00955765 /* SavedViewController.swift in Sources */,
				E3F50B8D28675769008A842D /* Post.swift in Sources */,
				E35A7681287CAAD9002B4D77 /* CreatePostViewController.swift in Sources */,
				E3137E792850FAFE005FC3F9 /* SceneDelegate.swift in Sources */,
				E344EE2828687634007ABF86 /* LogInErrors.swift in Sources */,
				E3B2B20A287446CC00F08800 /* FeedInteractor.swift in Sources */,
				E3556DF52873335C00955765 /* SavedRouter.swift in Sources */,
				E35A767F287CAAC0002B4D77 /* CreatePostPresenter.swift in Sources */,
				E3C404722869E5C60004C5AE /* RegistrationManager.swift in Sources */,
				E3F50B9B28675C99008A842D /* RequestErrors.swift in Sources */,
				E3B378CA28730788007D09F5 /* CoreDataManager.swift in Sources */,
				E3DEE6A4286A19610003D543 /* RegistrationRouter.swift in Sources */,
				E3D122B6287B542500F51DD9 /* PhotoCollectionViewCell.swift in Sources */,
				E3A90D4C286A3A7F0053F1CD /* CustomColor.swift in Sources */,
				E344EE22286865C0007ABF86 /* HTTPMethods.swift in Sources */,
				E39D4F022870A54D00E00F8B /* PostTableViewCell.swift in Sources */,
				E3A1B223286ADA4500D666CE /* OnboardingRouter.swift in Sources */,
				E3556DF72873336A00955765 /* SavedInteractor.swift in Sources */,
				E31FBE7228634C8C00D41304 /* SavedCoordinator.swift in Sources */,
				E31050062875E15600673CBD /* ProfileRouter.swift in Sources */,
				E35A767B287CAA9F002B4D77 /* CreatePostRouter.swift in Sources */,
				E3F50B97286759B0008A842D /* URLPaths.swift in Sources */,
				E3D122B3287B351700F51DD9 /* UserEntity+CoreDataProperties.swift in Sources */,
				E3F50B9228675845008A842D /* UserToken.swift in Sources */,
				E321DA022871A5BF00F524B4 /* CommentTableVIewCell.swift in Sources */,
				E3A1B229286ADA7900D666CE /* OnboardingViewController.swift in Sources */,
				E3A90D4A286A31CF0053F1CD /* CustomUIViewController.swift in Sources */,
				E3D122A9287B34A400F51DD9 /* UserModel.xcdatamodeld in Sources */,
			);
			runOnlyForDeploymentPostprocessing = 0;
		};
/* End PBXSourcesBuildPhase section */

/* Begin PBXVariantGroup section */
		E3137E812850FB00005FC3F9 /* LaunchScreen.storyboard */ = {
			isa = PBXVariantGroup;
			children = (
				E3137E822850FB00005FC3F9 /* Base */,
			);
			name = LaunchScreen.storyboard;
			sourceTree = "<group>";
		};
		E31FBE6C286346B200D41304 /* Localizable.strings */ = {
			isa = PBXVariantGroup;
			children = (
				E31FBE6B286346B200D41304 /* en */,
				E31FBE6E2863470D00D41304 /* ru */,
			);
			name = Localizable.strings;
			sourceTree = "<group>";
		};
		E3B2B21328757AC200F08800 /* Localizable.stringsdict */ = {
			isa = PBXVariantGroup;
			children = (
				E3B2B21228757AC200F08800 /* en */,
				E3B2B21428757AC400F08800 /* ru */,
			);
			name = Localizable.stringsdict;
			sourceTree = "<group>";
		};
/* End PBXVariantGroup section */

/* Begin XCBuildConfiguration section */
		E3137E852850FB00005FC3F9 /* Debug */ = {
			isa = XCBuildConfiguration;
			buildSettings = {
				ALWAYS_SEARCH_USER_PATHS = NO;
				CLANG_ANALYZER_LOCALIZABILITY_NONLOCALIZED = YES;
				CLANG_ANALYZER_NONNULL = YES;
				CLANG_ANALYZER_NUMBER_OBJECT_CONVERSION = YES_AGGRESSIVE;
				CLANG_CXX_LANGUAGE_STANDARD = "gnu++17";
				CLANG_ENABLE_MODULES = YES;
				CLANG_ENABLE_OBJC_ARC = YES;
				CLANG_ENABLE_OBJC_WEAK = YES;
				CLANG_WARN_BLOCK_CAPTURE_AUTORELEASING = YES;
				CLANG_WARN_BOOL_CONVERSION = YES;
				CLANG_WARN_COMMA = YES;
				CLANG_WARN_CONSTANT_CONVERSION = YES;
				CLANG_WARN_DEPRECATED_OBJC_IMPLEMENTATIONS = YES;
				CLANG_WARN_DIRECT_OBJC_ISA_USAGE = YES_ERROR;
				CLANG_WARN_DOCUMENTATION_COMMENTS = YES;
				CLANG_WARN_EMPTY_BODY = YES;
				CLANG_WARN_ENUM_CONVERSION = YES;
				CLANG_WARN_INFINITE_RECURSION = YES;
				CLANG_WARN_INT_CONVERSION = YES;
				CLANG_WARN_NON_LITERAL_NULL_CONVERSION = YES;
				CLANG_WARN_OBJC_IMPLICIT_RETAIN_SELF = YES;
				CLANG_WARN_OBJC_LITERAL_CONVERSION = YES;
				CLANG_WARN_OBJC_ROOT_CLASS = YES_ERROR;
				CLANG_WARN_QUOTED_INCLUDE_IN_FRAMEWORK_HEADER = YES;
				CLANG_WARN_RANGE_LOOP_ANALYSIS = YES;
				CLANG_WARN_STRICT_PROTOTYPES = YES;
				CLANG_WARN_SUSPICIOUS_MOVE = YES;
				CLANG_WARN_UNGUARDED_AVAILABILITY = YES_AGGRESSIVE;
				CLANG_WARN_UNREACHABLE_CODE = YES;
				CLANG_WARN__DUPLICATE_METHOD_MATCH = YES;
				COPY_PHASE_STRIP = NO;
				DEBUG_INFORMATION_FORMAT = dwarf;
				ENABLE_STRICT_OBJC_MSGSEND = YES;
				ENABLE_TESTABILITY = YES;
				GCC_C_LANGUAGE_STANDARD = gnu11;
				GCC_DYNAMIC_NO_PIC = NO;
				GCC_NO_COMMON_BLOCKS = YES;
				GCC_OPTIMIZATION_LEVEL = 0;
				GCC_PREPROCESSOR_DEFINITIONS = (
					"DEBUG=1",
					"$(inherited)",
				);
				GCC_WARN_64_TO_32_BIT_CONVERSION = YES;
				GCC_WARN_ABOUT_RETURN_TYPE = YES_ERROR;
				GCC_WARN_UNDECLARED_SELECTOR = YES;
				GCC_WARN_UNINITIALIZED_AUTOS = YES_AGGRESSIVE;
				GCC_WARN_UNUSED_FUNCTION = YES;
				GCC_WARN_UNUSED_VARIABLE = YES;
				IPHONEOS_DEPLOYMENT_TARGET = 15.4;
				MTL_ENABLE_DEBUG_INFO = INCLUDE_SOURCE;
				MTL_FAST_MATH = YES;
				ONLY_ACTIVE_ARCH = YES;
				SDKROOT = iphoneos;
				SWIFT_ACTIVE_COMPILATION_CONDITIONS = DEBUG;
				SWIFT_OPTIMIZATION_LEVEL = "-Onone";
			};
			name = Debug;
		};
		E3137E862850FB00005FC3F9 /* Release */ = {
			isa = XCBuildConfiguration;
			buildSettings = {
				ALWAYS_SEARCH_USER_PATHS = NO;
				CLANG_ANALYZER_LOCALIZABILITY_NONLOCALIZED = YES;
				CLANG_ANALYZER_NONNULL = YES;
				CLANG_ANALYZER_NUMBER_OBJECT_CONVERSION = YES_AGGRESSIVE;
				CLANG_CXX_LANGUAGE_STANDARD = "gnu++17";
				CLANG_ENABLE_MODULES = YES;
				CLANG_ENABLE_OBJC_ARC = YES;
				CLANG_ENABLE_OBJC_WEAK = YES;
				CLANG_WARN_BLOCK_CAPTURE_AUTORELEASING = YES;
				CLANG_WARN_BOOL_CONVERSION = YES;
				CLANG_WARN_COMMA = YES;
				CLANG_WARN_CONSTANT_CONVERSION = YES;
				CLANG_WARN_DEPRECATED_OBJC_IMPLEMENTATIONS = YES;
				CLANG_WARN_DIRECT_OBJC_ISA_USAGE = YES_ERROR;
				CLANG_WARN_DOCUMENTATION_COMMENTS = YES;
				CLANG_WARN_EMPTY_BODY = YES;
				CLANG_WARN_ENUM_CONVERSION = YES;
				CLANG_WARN_INFINITE_RECURSION = YES;
				CLANG_WARN_INT_CONVERSION = YES;
				CLANG_WARN_NON_LITERAL_NULL_CONVERSION = YES;
				CLANG_WARN_OBJC_IMPLICIT_RETAIN_SELF = YES;
				CLANG_WARN_OBJC_LITERAL_CONVERSION = YES;
				CLANG_WARN_OBJC_ROOT_CLASS = YES_ERROR;
				CLANG_WARN_QUOTED_INCLUDE_IN_FRAMEWORK_HEADER = YES;
				CLANG_WARN_RANGE_LOOP_ANALYSIS = YES;
				CLANG_WARN_STRICT_PROTOTYPES = YES;
				CLANG_WARN_SUSPICIOUS_MOVE = YES;
				CLANG_WARN_UNGUARDED_AVAILABILITY = YES_AGGRESSIVE;
				CLANG_WARN_UNREACHABLE_CODE = YES;
				CLANG_WARN__DUPLICATE_METHOD_MATCH = YES;
				COPY_PHASE_STRIP = NO;
				DEBUG_INFORMATION_FORMAT = "dwarf-with-dsym";
				ENABLE_NS_ASSERTIONS = NO;
				ENABLE_STRICT_OBJC_MSGSEND = YES;
				GCC_C_LANGUAGE_STANDARD = gnu11;
				GCC_NO_COMMON_BLOCKS = YES;
				GCC_WARN_64_TO_32_BIT_CONVERSION = YES;
				GCC_WARN_ABOUT_RETURN_TYPE = YES_ERROR;
				GCC_WARN_UNDECLARED_SELECTOR = YES;
				GCC_WARN_UNINITIALIZED_AUTOS = YES_AGGRESSIVE;
				GCC_WARN_UNUSED_FUNCTION = YES;
				GCC_WARN_UNUSED_VARIABLE = YES;
				IPHONEOS_DEPLOYMENT_TARGET = 15.4;
				MTL_ENABLE_DEBUG_INFO = NO;
				MTL_FAST_MATH = YES;
				SDKROOT = iphoneos;
				SWIFT_COMPILATION_MODE = wholemodule;
				SWIFT_OPTIMIZATION_LEVEL = "-O";
				VALIDATE_PRODUCT = YES;
			};
			name = Release;
		};
		E3137E882850FB00005FC3F9 /* Debug */ = {
			isa = XCBuildConfiguration;
			buildSettings = {
				ASSETCATALOG_COMPILER_APPICON_NAME = AppIcon;
				ASSETCATALOG_COMPILER_GLOBAL_ACCENT_COLOR_NAME = AccentColor;
				CODE_SIGN_STYLE = Automatic;
				CURRENT_PROJECT_VERSION = 1;
				GENERATE_INFOPLIST_FILE = YES;
				INFOPLIST_FILE = "VKApp/Supporting Files/Info.plist";
				INFOPLIST_KEY_UIApplicationSupportsIndirectInputEvents = YES;
				INFOPLIST_KEY_UILaunchStoryboardName = LaunchScreen;
				INFOPLIST_KEY_UISupportedInterfaceOrientations_iPad = "UIInterfaceOrientationPortrait UIInterfaceOrientationPortraitUpsideDown UIInterfaceOrientationLandscapeLeft UIInterfaceOrientationLandscapeRight";
				INFOPLIST_KEY_UISupportedInterfaceOrientations_iPhone = "UIInterfaceOrientationPortrait UIInterfaceOrientationLandscapeLeft UIInterfaceOrientationLandscapeRight";
				LD_RUNPATH_SEARCH_PATHS = (
					"$(inherited)",
					"@executable_path/Frameworks",
				);
				MARKETING_VERSION = 1.0;
				PRODUCT_BUNDLE_IDENTIFIER = artemiy.VKApp;
				PRODUCT_NAME = "$(TARGET_NAME)";
				SWIFT_EMIT_LOC_STRINGS = YES;
				SWIFT_VERSION = 5.0;
				TARGETED_DEVICE_FAMILY = "1,2";
			};
			name = Debug;
		};
		E3137E892850FB00005FC3F9 /* Release */ = {
			isa = XCBuildConfiguration;
			buildSettings = {
				ASSETCATALOG_COMPILER_APPICON_NAME = AppIcon;
				ASSETCATALOG_COMPILER_GLOBAL_ACCENT_COLOR_NAME = AccentColor;
				CODE_SIGN_STYLE = Automatic;
				CURRENT_PROJECT_VERSION = 1;
				GENERATE_INFOPLIST_FILE = YES;
				INFOPLIST_FILE = "VKApp/Supporting Files/Info.plist";
				INFOPLIST_KEY_UIApplicationSupportsIndirectInputEvents = YES;
				INFOPLIST_KEY_UILaunchStoryboardName = LaunchScreen;
				INFOPLIST_KEY_UISupportedInterfaceOrientations_iPad = "UIInterfaceOrientationPortrait UIInterfaceOrientationPortraitUpsideDown UIInterfaceOrientationLandscapeLeft UIInterfaceOrientationLandscapeRight";
				INFOPLIST_KEY_UISupportedInterfaceOrientations_iPhone = "UIInterfaceOrientationPortrait UIInterfaceOrientationLandscapeLeft UIInterfaceOrientationLandscapeRight";
				LD_RUNPATH_SEARCH_PATHS = (
					"$(inherited)",
					"@executable_path/Frameworks",
				);
				MARKETING_VERSION = 1.0;
				PRODUCT_BUNDLE_IDENTIFIER = artemiy.VKApp;
				PRODUCT_NAME = "$(TARGET_NAME)";
				SWIFT_EMIT_LOC_STRINGS = YES;
				SWIFT_VERSION = 5.0;
				TARGETED_DEVICE_FAMILY = "1,2";
			};
			name = Release;
		};
/* End XCBuildConfiguration section */

/* Begin XCConfigurationList section */
		E3137E6E2850FAFE005FC3F9 /* Build configuration list for PBXProject "VKApp" */ = {
			isa = XCConfigurationList;
			buildConfigurations = (
				E3137E852850FB00005FC3F9 /* Debug */,
				E3137E862850FB00005FC3F9 /* Release */,
			);
			defaultConfigurationIsVisible = 0;
			defaultConfigurationName = Release;
		};
		E3137E872850FB00005FC3F9 /* Build configuration list for PBXNativeTarget "VKApp" */ = {
			isa = XCConfigurationList;
			buildConfigurations = (
				E3137E882850FB00005FC3F9 /* Debug */,
				E3137E892850FB00005FC3F9 /* Release */,
			);
			defaultConfigurationIsVisible = 0;
			defaultConfigurationName = Release;
		};
/* End XCConfigurationList section */

/* Begin XCRemoteSwiftPackageReference section */
		E31FBE7328634FA700D41304 /* XCRemoteSwiftPackageReference "KeychainAccess" */ = {
			isa = XCRemoteSwiftPackageReference;
			repositoryURL = "https://github.com/kishikawakatsumi/KeychainAccess";
			requirement = {
				branch = master;
				kind = branch;
			};
		};
		E31FBE7628634FD500D41304 /* XCRemoteSwiftPackageReference "SnapKit" */ = {
			isa = XCRemoteSwiftPackageReference;
			repositoryURL = "https://github.com/SnapKit/SnapKit";
			requirement = {
				branch = develop;
				kind = branch;
			};
		};
/* End XCRemoteSwiftPackageReference section */

/* Begin XCSwiftPackageProductDependency section */
		E31FBE7428634FA700D41304 /* KeychainAccess */ = {
			isa = XCSwiftPackageProductDependency;
			package = E31FBE7328634FA700D41304 /* XCRemoteSwiftPackageReference "KeychainAccess" */;
			productName = KeychainAccess;
		};
		E31FBE7728634FD500D41304 /* SnapKit */ = {
			isa = XCSwiftPackageProductDependency;
			package = E31FBE7628634FD500D41304 /* XCRemoteSwiftPackageReference "SnapKit" */;
			productName = SnapKit;
		};
/* End XCSwiftPackageProductDependency section */

/* Begin XCVersionGroup section */
		E3D122A4287B33E300F51DD9 /* CoreDataPostModel.xcdatamodeld */ = {
			isa = XCVersionGroup;
			children = (
				E3D122A5287B33E300F51DD9 /* PostModel.xcdatamodel */,
			);
			currentVersion = E3D122A5287B33E300F51DD9 /* PostModel.xcdatamodel */;
			path = CoreDataPostModel.xcdatamodeld;
			sourceTree = "<group>";
			versionGroupType = wrapper.xcdatamodel;
		};
		E3D122A7287B34A400F51DD9 /* UserModel.xcdatamodeld */ = {
			isa = XCVersionGroup;
			children = (
				E3D122A8287B34A400F51DD9 /* UserModel.xcdatamodel */,
			);
			currentVersion = E3D122A8287B34A400F51DD9 /* UserModel.xcdatamodel */;
			path = UserModel.xcdatamodeld;
			sourceTree = "<group>";
			versionGroupType = wrapper.xcdatamodel;
		};
/* End XCVersionGroup section */
	};
	rootObject = E3137E6B2850FAFE005FC3F9 /* Project object */;
}
